
Microsoft Visual Studio Solution File, Format Version 12.00
# Visual Studio 15
VisualStudioVersion = 15.0.28307.421
MinimumVisualStudioVersion = 10.0.40219.1
Project("{FAE04EC0-301F-11D3-BF4B-00C04F79EFBC}") = "HelloCSharp", "HelloCSharp\HelloCSharp.csproj", "{120277E7-E7CF-432B-9B31-CBF12E86553A}"
EndProject
Project("{2150E333-8FDC-42A3-9474-1A3956D46DE8}") = "Solution Items", "Solution Items", "{2F1DC811-B822-4495-B3C0-26608F7E746A}"
	ProjectSection(SolutionItems) = preProject
		README.md = README.md
	EndProjectSection
EndProject
Project("{FAE04EC0-301F-11D3-BF4B-00C04F79EFBC}") = "HelloCSharpForm", "HelloCSharpForm\HelloCSharpForm.csproj", "{6D89DAD1-140D-45EF-A863-DBC1B61072A8}"
EndProject
Global
	GlobalSection(SolutionConfigurationPlatforms) = preSolution
		Debug|Any CPU = Debug|Any CPU
		Release|Any CPU = Release|Any CPU
	EndGlobalSection
	GlobalSection(ProjectConfigurationPlatforms) = postSolution
		{120277E7-E7CF-432B-9B31-CBF12E86553A}.Debug|Any CPU.ActiveCfg = Debug|Any CPU
		{120277E7-E7CF-432B-9B31-CBF12E86553A}.Debug|Any CPU.Build.0 = Debug|Any CPU
		{120277E7-E7CF-432B-9B31-CBF12E86553A}.Release|Any CPU.ActiveCfg = Release|Any CPU
		{120277E7-E7CF-432B-9B31-CBF12E86553A}.Release|Any CPU.Build.0 = Release|Any CPU
		{6D89DAD1-140D-45EF-A863-DBC1B61072A8}.Debug|Any CPU.ActiveCfg = Debug|Any CPU
		{6D89DAD1-140D-45EF-A863-DBC1B61072A8}.Debug|Any CPU.Build.0 = Debug|Any CPU
		{6D89DAD1-140D-45EF-A863-DBC1B61072A8}.Release|Any CPU.ActiveCfg = Release|Any CPU
		{6D89DAD1-140D-45EF-A863-DBC1B61072A8}.Release|Any CPU.Build.0 = Release|Any CPU
	EndGlobalSection
	GlobalSection(SolutionProperties) = preSolution
		HideSolutionNode = FALSE
	EndGlobalSection
	GlobalSection(ExtensibilityGlobals) = postSolution
		SolutionGuid = {29D6826C-03CE-4A3A-AA8A-0AF63391BE3E}
	EndGlobalSection
EndGlobal
